
Microsoft Visual Studio Solution File, Format Version 12.00
# Visual Studio Version 16
VisualStudioVersion = 16.0.30011.22
MinimumVisualStudioVersion = 10.0.40219.1
Project("{8BC9CEB8-8B4A-11D0-8D11-00A0C91BC942}") = "Game", "Game.vcxproj", "{C3EE9516-9385-4A83-AA46-A9F685406312}"
EndProject
Global
	GlobalSection(SolutionConfigurationPlatforms) = preSolution
		Debug|x64 = Debug|x64
		Debug|x86 = Debug|x86
		Release|x64 = Release|x64
		Release|x86 = Release|x86
	EndGlobalSection
	GlobalSection(ProjectConfigurationPlatforms) = postSolution
		{C3EE9516-9385-4A83-AA46-A9F685406312}.Debug|x64.ActiveCfg = Debug|x64
		{C3EE9516-9385-4A83-AA46-A9F685406312}.Debug|x64.Build.0 = Debug|x64
		{C3EE9516-9385-4A83-AA46-A9F685406312}.Debug|x86.ActiveCfg = Debug|Win32
		{C3EE9516-9385-4A83-AA46-A9F685406312}.Debug|x86.Build.0 = Debug|Win32
		{C3EE9516-9385-4A83-AA46-A9F685406312}.Release|x64.ActiveCfg = Release|x64
		{C3EE9516-9385-4A83-AA46-A9F685406312}.Release|x64.Build.0 = Release|x64
		{C3EE9516-9385-4A83-AA46-A9F685406312}.Release|x86.ActiveCfg = Release|Win32
		{C3EE9516-9385-4A83-AA46-A9F685406312}.Release|x86.Build.0 = Release|Win32
	EndGlobalSection
	GlobalSection(SolutionProperties) = preSolution
		HideSolutionNode = FALSE
	EndGlobalSection
	GlobalSection(ExtensibilityGlobals) = postSolution
		SolutionGuid = {5E7B007A-6F40-4DC7-9E50-41D41C74BE26}
	EndGlobalSection
EndGlobal
